
Microsoft Visual Studio Solution File, Format Version 12.00
# Visual Studio Version 17
VisualStudioVersion = 17.13.35828.75 d17.13
MinimumVisualStudioVersion = 10.0.40219.1
Project("{FAE04EC0-301F-11D3-BF4B-00C04F79EFBC}") = "passwordManager", "passwordManager.csproj", "{AF712AC7-6E6C-4DC7-B5C6-2B497A653BB8}"
EndProject
Global
	GlobalSection(SolutionConfigurationPlatforms) = preSolution
		Debug|Any CPU = Debug|Any CPU
		Release|Any CPU = Release|Any CPU
	EndGlobalSection
	GlobalSection(ProjectConfigurationPlatforms) = postSolution
		{AF712AC7-6E6C-4DC7-B5C6-2B497A653BB8}.Debug|Any CPU.ActiveCfg = Debug|Any CPU
		{AF712AC7-6E6C-4DC7-B5C6-2B497A653BB8}.Debug|Any CPU.Build.0 = Debug|Any CPU
		{AF712AC7-6E6C-4DC7-B5C6-2B497A653BB8}.Release|Any CPU.ActiveCfg = Release|Any CPU
		{AF712AC7-6E6C-4DC7-B5C6-2B497A653BB8}.Release|Any CPU.Build.0 = Release|Any CPU
	EndGlobalSection
	GlobalSection(SolutionProperties) = preSolution
		HideSolutionNode = FALSE
	EndGlobalSection
	GlobalSection(ExtensibilityGlobals) = postSolution
		SolutionGuid = {EFEBB6C4-E3E2-4CCF-916A-EDA190CB534C}
	EndGlobalSection
EndGlobal
